// !$*UTF8*$!
{
	archiveVersion = 1;
	classes = {
	};
	objectVersion = 50;
	objects = {

/* Begin PBXBuildFile section */
		A004EE7A263EFBCD00BBD5AA /* LoggerTests.swift in Sources */ = {isa = PBXBuildFile; fileRef = A004EE79263EFBCD00BBD5AA /* LoggerTests.swift */; };
		A004EE7F263EFDE400BBD5AA /* CityTests.swift in Sources */ = {isa = PBXBuildFile; fileRef = A004EE7E263EFDE400BBD5AA /* CityTests.swift */; };
		A0200173263DEB36002ED080 /* AddLocationVC.swift in Sources */ = {isa = PBXBuildFile; fileRef = A0200172263DEB36002ED080 /* AddLocationVC.swift */; };
		A021D9252641292400CE4AE2 /* UIViewController.swift in Sources */ = {isa = PBXBuildFile; fileRef = A021D9242641292400CE4AE2 /* UIViewController.swift */; };
		A021D92D2641304000CE4AE2 /* UIStoryboard.swift in Sources */ = {isa = PBXBuildFile; fileRef = A021D92C2641304000CE4AE2 /* UIStoryboard.swift */; };
		A021D9332641338600CE4AE2 /* LoadingIndicator.swift in Sources */ = {isa = PBXBuildFile; fileRef = A021D9322641338600CE4AE2 /* LoadingIndicator.swift */; };
		A0339FA9263D6FBA008849B4 /* Logger.swift in Sources */ = {isa = PBXBuildFile; fileRef = A0339FA8263D6FBA008849B4 /* Logger.swift */; };
		A0339FAF263D72D3008849B4 /* BaseViewController.swift in Sources */ = {isa = PBXBuildFile; fileRef = A0339FAE263D72D3008849B4 /* BaseViewController.swift */; };
		A0339FBA263D7DE2008849B4 /* DBManager.swift in Sources */ = {isa = PBXBuildFile; fileRef = A0339FB9263D7DE2008849B4 /* DBManager.swift */; };
		A040700C2641396C002ACA22 /* UIView.swift in Sources */ = {isa = PBXBuildFile; fileRef = A040700B2641396C002ACA22 /* UIView.swift */; };
		A0407011264143AC002ACA22 /* BookmarkedLocation.swift in Sources */ = {isa = PBXBuildFile; fileRef = A0407010264143AC002ACA22 /* BookmarkedLocation.swift */; };
		A04070162641509D002ACA22 /* Queue.swift in Sources */ = {isa = PBXBuildFile; fileRef = A04070152641509D002ACA22 /* Queue.swift */; };
		A040701B26415C89002ACA22 /* BookmarkedCityCell.swift in Sources */ = {isa = PBXBuildFile; fileRef = A040701A26415C89002ACA22 /* BookmarkedCityCell.swift */; };
		A040703926417153002ACA22 /* AddLocationTests.swift in Sources */ = {isa = PBXBuildFile; fileRef = A040703826417153002ACA22 /* AddLocationTests.swift */; };
		A0641A43263D28DB00DBBBA5 /* AppDelegate.swift in Sources */ = {isa = PBXBuildFile; fileRef = A0641A42263D28DB00DBBBA5 /* AppDelegate.swift */; };
		A0641A47263D28DB00DBBBA5 /* CityScreenVC.swift in Sources */ = {isa = PBXBuildFile; fileRef = A0641A46263D28DB00DBBBA5 /* CityScreenVC.swift */; };
		A0641A4A263D28DB00DBBBA5 /* Main.storyboard in Resources */ = {isa = PBXBuildFile; fileRef = A0641A48263D28DB00DBBBA5 /* Main.storyboard */; };
		A0641A4D263D28DB00DBBBA5 /* WeatherApp.xcdatamodeld in Sources */ = {isa = PBXBuildFile; fileRef = A0641A4B263D28DB00DBBBA5 /* WeatherApp.xcdatamodeld */; };
		A0641A4F263D28DB00DBBBA5 /* Assets.xcassets in Resources */ = {isa = PBXBuildFile; fileRef = A0641A4E263D28DB00DBBBA5 /* Assets.xcassets */; };
		A0641A52263D28DB00DBBBA5 /* LaunchScreen.storyboard in Resources */ = {isa = PBXBuildFile; fileRef = A0641A50263D28DB00DBBBA5 /* LaunchScreen.storyboard */; };
		A0641A5D263D28DC00DBBBA5 /* WeatherAppTests.swift in Sources */ = {isa = PBXBuildFile; fileRef = A0641A5C263D28DC00DBBBA5 /* WeatherAppTests.swift */; };
		A0641A68263D28DC00DBBBA5 /* WeatherAppUITests.swift in Sources */ = {isa = PBXBuildFile; fileRef = A0641A67263D28DC00DBBBA5 /* WeatherAppUITests.swift */; };
		A0641A7A263D2E6C00DBBBA5 /* NetworkManager.swift in Sources */ = {isa = PBXBuildFile; fileRef = A0641A79263D2E6C00DBBBA5 /* NetworkManager.swift */; };
		A0641A7F263D2E7E00DBBBA5 /* Constants.swift in Sources */ = {isa = PBXBuildFile; fileRef = A0641A7E263D2E7E00DBBBA5 /* Constants.swift */; };
		A0641A85263D375900DBBBA5 /* WeatherData.swift in Sources */ = {isa = PBXBuildFile; fileRef = A0641A84263D375900DBBBA5 /* WeatherData.swift */; };
		A0641A8F263D389E00DBBBA5 /* HomeScreenVC.swift in Sources */ = {isa = PBXBuildFile; fileRef = A0641A8E263D389E00DBBBA5 /* HomeScreenVC.swift */; };
		A0641A9C263D38EF00DBBBA5 /* HelpScreenVC.swift in Sources */ = {isa = PBXBuildFile; fileRef = A0641A9B263D38EF00DBBBA5 /* HelpScreenVC.swift */; };
		A0641AA4263D3A6900DBBBA5 /* HomeScreenVM.swift in Sources */ = {isa = PBXBuildFile; fileRef = A0641AA3263D3A6900DBBBA5 /* HomeScreenVM.swift */; };
		A0641AAC263D3F4700DBBBA5 /* CityScreenVM.swift in Sources */ = {isa = PBXBuildFile; fileRef = A0641AAB263D3F4700DBBBA5 /* CityScreenVM.swift */; };
		A0A58151263EBC5C00F36A25 /* SettingsVC.swift in Sources */ = {isa = PBXBuildFile; fileRef = A0A58150263EBC5C00F36A25 /* SettingsVC.swift */; };
		A0A58159263EC50E00F36A25 /* AppSettings.swift in Sources */ = {isa = PBXBuildFile; fileRef = A0A58158263EC50E00F36A25 /* AppSettings.swift */; };
		A0A5815E263ECD2600F36A25 /* SettingsVM.swift in Sources */ = {isa = PBXBuildFile; fileRef = A0A5815D263ECD2600F36A25 /* SettingsVM.swift */; };
		A0B02012263FC1CB004588A7 /* HomeScreenTests.swift in Sources */ = {isa = PBXBuildFile; fileRef = A0B02011263FC1CB004588A7 /* HomeScreenTests.swift */; };
		A0B0201A263FDAD9004588A7 /* NetworkManagerTests.swift in Sources */ = {isa = PBXBuildFile; fileRef = A0B02019263FDAD9004588A7 /* NetworkManagerTests.swift */; };
		A0B0201F263FE0DB004588A7 /* SettingsTests.swift in Sources */ = {isa = PBXBuildFile; fileRef = A0B0201E263FE0DB004588A7 /* SettingsTests.swift */; };
		A0B02024263FE897004588A7 /* SettingsVCTests.swift in Sources */ = {isa = PBXBuildFile; fileRef = A0B02023263FE897004588A7 /* SettingsVCTests.swift */; };
		A0B02029263FE9DF004588A7 /* HomeScreenVCTests.swift in Sources */ = {isa = PBXBuildFile; fileRef = A0B02028263FE9DF004588A7 /* HomeScreenVCTests.swift */; };
		A0B0202E263FEDA8004588A7 /* HelpScreenVCTests.swift in Sources */ = {isa = PBXBuildFile; fileRef = A0B0202D263FEDA8004588A7 /* HelpScreenVCTests.swift */; };
		A0B02033263FEEE9004588A7 /* CityScreenTests.swift in Sources */ = {isa = PBXBuildFile; fileRef = A0B02032263FEEE9004588A7 /* CityScreenTests.swift */; };
/* End PBXBuildFile section */

/* Begin PBXContainerItemProxy section */
		A0641A59263D28DB00DBBBA5 /* PBXContainerItemProxy */ = {
			isa = PBXContainerItemProxy;
			containerPortal = A0641A37263D28DB00DBBBA5 /* Project object */;
			proxyType = 1;
			remoteGlobalIDString = A0641A3E263D28DB00DBBBA5;
			remoteInfo = WeatherApp;
		};
		A0641A64263D28DC00DBBBA5 /* PBXContainerItemProxy */ = {
			isa = PBXContainerItemProxy;
			containerPortal = A0641A37263D28DB00DBBBA5 /* Project object */;
			proxyType = 1;
			remoteGlobalIDString = A0641A3E263D28DB00DBBBA5;
			remoteInfo = WeatherApp;
		};
/* End PBXContainerItemProxy section */

/* Begin PBXFileReference section */
		A004EE79263EFBCD00BBD5AA /* LoggerTests.swift */ = {isa = PBXFileReference; lastKnownFileType = sourcecode.swift; path = LoggerTests.swift; sourceTree = "<group>"; };
		A004EE7E263EFDE400BBD5AA /* CityTests.swift */ = {isa = PBXFileReference; lastKnownFileType = sourcecode.swift; path = CityTests.swift; sourceTree = "<group>"; };
		A0200172263DEB36002ED080 /* AddLocationVC.swift */ = {isa = PBXFileReference; lastKnownFileType = sourcecode.swift; path = AddLocationVC.swift; sourceTree = "<group>"; };
		A021D9242641292400CE4AE2 /* UIViewController.swift */ = {isa = PBXFileReference; lastKnownFileType = sourcecode.swift; path = UIViewController.swift; sourceTree = "<group>"; };
		A021D92C2641304000CE4AE2 /* UIStoryboard.swift */ = {isa = PBXFileReference; lastKnownFileType = sourcecode.swift; path = UIStoryboard.swift; sourceTree = "<group>"; };
		A021D9322641338600CE4AE2 /* LoadingIndicator.swift */ = {isa = PBXFileReference; lastKnownFileType = sourcecode.swift; path = LoadingIndicator.swift; sourceTree = "<group>"; };
		A0339FA8263D6FBA008849B4 /* Logger.swift */ = {isa = PBXFileReference; lastKnownFileType = sourcecode.swift; path = Logger.swift; sourceTree = "<group>"; };
		A0339FAE263D72D3008849B4 /* BaseViewController.swift */ = {isa = PBXFileReference; lastKnownFileType = sourcecode.swift; path = BaseViewController.swift; sourceTree = "<group>"; };
		A0339FB9263D7DE2008849B4 /* DBManager.swift */ = {isa = PBXFileReference; lastKnownFileType = sourcecode.swift; path = DBManager.swift; sourceTree = "<group>"; };
		A040700B2641396C002ACA22 /* UIView.swift */ = {isa = PBXFileReference; lastKnownFileType = sourcecode.swift; path = UIView.swift; sourceTree = "<group>"; };
		A0407010264143AC002ACA22 /* BookmarkedLocation.swift */ = {isa = PBXFileReference; lastKnownFileType = sourcecode.swift; path = BookmarkedLocation.swift; sourceTree = "<group>"; };
		A04070152641509D002ACA22 /* Queue.swift */ = {isa = PBXFileReference; lastKnownFileType = sourcecode.swift; path = Queue.swift; sourceTree = "<group>"; };
		A040701A26415C89002ACA22 /* BookmarkedCityCell.swift */ = {isa = PBXFileReference; lastKnownFileType = sourcecode.swift; path = BookmarkedCityCell.swift; sourceTree = "<group>"; };
		A040703826417153002ACA22 /* AddLocationTests.swift */ = {isa = PBXFileReference; lastKnownFileType = sourcecode.swift; path = AddLocationTests.swift; sourceTree = "<group>"; };
		A0641A3F263D28DB00DBBBA5 /* WeatherApp.app */ = {isa = PBXFileReference; explicitFileType = wrapper.application; includeInIndex = 0; path = WeatherApp.app; sourceTree = BUILT_PRODUCTS_DIR; };
		A0641A42263D28DB00DBBBA5 /* AppDelegate.swift */ = {isa = PBXFileReference; lastKnownFileType = sourcecode.swift; path = AppDelegate.swift; sourceTree = "<group>"; };
		A0641A46263D28DB00DBBBA5 /* CityScreenVC.swift */ = {isa = PBXFileReference; lastKnownFileType = sourcecode.swift; path = CityScreenVC.swift; sourceTree = "<group>"; };
		A0641A49263D28DB00DBBBA5 /* Base */ = {isa = PBXFileReference; lastKnownFileType = file.storyboard; name = Base; path = Base.lproj/Main.storyboard; sourceTree = "<group>"; };
		A0641A4C263D28DB00DBBBA5 /* WeatherApp.xcdatamodel */ = {isa = PBXFileReference; lastKnownFileType = wrapper.xcdatamodel; path = WeatherApp.xcdatamodel; sourceTree = "<group>"; };
		A0641A4E263D28DB00DBBBA5 /* Assets.xcassets */ = {isa = PBXFileReference; lastKnownFileType = folder.assetcatalog; path = Assets.xcassets; sourceTree = "<group>"; };
		A0641A51263D28DB00DBBBA5 /* Base */ = {isa = PBXFileReference; lastKnownFileType = file.storyboard; name = Base; path = Base.lproj/LaunchScreen.storyboard; sourceTree = "<group>"; };
		A0641A53263D28DB00DBBBA5 /* Info.plist */ = {isa = PBXFileReference; lastKnownFileType = text.plist.xml; path = Info.plist; sourceTree = "<group>"; };
		A0641A58263D28DB00DBBBA5 /* WeatherAppTests.xctest */ = {isa = PBXFileReference; explicitFileType = wrapper.cfbundle; includeInIndex = 0; path = WeatherAppTests.xctest; sourceTree = BUILT_PRODUCTS_DIR; };
		A0641A5C263D28DC00DBBBA5 /* WeatherAppTests.swift */ = {isa = PBXFileReference; lastKnownFileType = sourcecode.swift; path = WeatherAppTests.swift; sourceTree = "<group>"; };
		A0641A5E263D28DC00DBBBA5 /* Info.plist */ = {isa = PBXFileReference; lastKnownFileType = text.plist.xml; path = Info.plist; sourceTree = "<group>"; };
		A0641A63263D28DC00DBBBA5 /* WeatherAppUITests.xctest */ = {isa = PBXFileReference; explicitFileType = wrapper.cfbundle; includeInIndex = 0; path = WeatherAppUITests.xctest; sourceTree = BUILT_PRODUCTS_DIR; };
		A0641A67263D28DC00DBBBA5 /* WeatherAppUITests.swift */ = {isa = PBXFileReference; lastKnownFileType = sourcecode.swift; path = WeatherAppUITests.swift; sourceTree = "<group>"; };
		A0641A69263D28DC00DBBBA5 /* Info.plist */ = {isa = PBXFileReference; lastKnownFileType = text.plist.xml; path = Info.plist; sourceTree = "<group>"; };
		A0641A79263D2E6C00DBBBA5 /* NetworkManager.swift */ = {isa = PBXFileReference; lastKnownFileType = sourcecode.swift; path = NetworkManager.swift; sourceTree = "<group>"; };
		A0641A7E263D2E7E00DBBBA5 /* Constants.swift */ = {isa = PBXFileReference; lastKnownFileType = sourcecode.swift; path = Constants.swift; sourceTree = "<group>"; };
		A0641A84263D375900DBBBA5 /* WeatherData.swift */ = {isa = PBXFileReference; lastKnownFileType = sourcecode.swift; path = WeatherData.swift; sourceTree = "<group>"; };
		A0641A8E263D389E00DBBBA5 /* HomeScreenVC.swift */ = {isa = PBXFileReference; lastKnownFileType = sourcecode.swift; path = HomeScreenVC.swift; sourceTree = "<group>"; };
		A0641A9B263D38EF00DBBBA5 /* HelpScreenVC.swift */ = {isa = PBXFileReference; lastKnownFileType = sourcecode.swift; path = HelpScreenVC.swift; sourceTree = "<group>"; };
		A0641AA3263D3A6900DBBBA5 /* HomeScreenVM.swift */ = {isa = PBXFileReference; lastKnownFileType = sourcecode.swift; path = HomeScreenVM.swift; sourceTree = "<group>"; };
		A0641AAB263D3F4700DBBBA5 /* CityScreenVM.swift */ = {isa = PBXFileReference; lastKnownFileType = sourcecode.swift; path = CityScreenVM.swift; sourceTree = "<group>"; };
		A0A58150263EBC5C00F36A25 /* SettingsVC.swift */ = {isa = PBXFileReference; lastKnownFileType = sourcecode.swift; path = SettingsVC.swift; sourceTree = "<group>"; };
		A0A58158263EC50E00F36A25 /* AppSettings.swift */ = {isa = PBXFileReference; lastKnownFileType = sourcecode.swift; path = AppSettings.swift; sourceTree = "<group>"; };
		A0A5815D263ECD2600F36A25 /* SettingsVM.swift */ = {isa = PBXFileReference; lastKnownFileType = sourcecode.swift; path = SettingsVM.swift; sourceTree = "<group>"; };
		A0B02011263FC1CB004588A7 /* HomeScreenTests.swift */ = {isa = PBXFileReference; lastKnownFileType = sourcecode.swift; path = HomeScreenTests.swift; sourceTree = "<group>"; };
		A0B02019263FDAD9004588A7 /* NetworkManagerTests.swift */ = {isa = PBXFileReference; lastKnownFileType = sourcecode.swift; path = NetworkManagerTests.swift; sourceTree = "<group>"; };
		A0B0201E263FE0DB004588A7 /* SettingsTests.swift */ = {isa = PBXFileReference; lastKnownFileType = sourcecode.swift; path = SettingsTests.swift; sourceTree = "<group>"; };
		A0B02023263FE897004588A7 /* SettingsVCTests.swift */ = {isa = PBXFileReference; lastKnownFileType = sourcecode.swift; path = SettingsVCTests.swift; sourceTree = "<group>"; };
		A0B02028263FE9DF004588A7 /* HomeScreenVCTests.swift */ = {isa = PBXFileReference; lastKnownFileType = sourcecode.swift; path = HomeScreenVCTests.swift; sourceTree = "<group>"; };
		A0B0202D263FEDA8004588A7 /* HelpScreenVCTests.swift */ = {isa = PBXFileReference; lastKnownFileType = sourcecode.swift; path = HelpScreenVCTests.swift; sourceTree = "<group>"; };
		A0B02032263FEEE9004588A7 /* CityScreenTests.swift */ = {isa = PBXFileReference; lastKnownFileType = sourcecode.swift; path = CityScreenTests.swift; sourceTree = "<group>"; };
/* End PBXFileReference section */

/* Begin PBXFrameworksBuildPhase section */
		A0641A3C263D28DB00DBBBA5 /* Frameworks */ = {
			isa = PBXFrameworksBuildPhase;
			buildActionMask = 2147483647;
			files = (
			);
			runOnlyForDeploymentPostprocessing = 0;
		};
		A0641A55263D28DB00DBBBA5 /* Frameworks */ = {
			isa = PBXFrameworksBuildPhase;
			buildActionMask = 2147483647;
			files = (
			);
			runOnlyForDeploymentPostprocessing = 0;
		};
		A0641A60263D28DC00DBBBA5 /* Frameworks */ = {
			isa = PBXFrameworksBuildPhase;
			buildActionMask = 2147483647;
			files = (
			);
			runOnlyForDeploymentPostprocessing = 0;
		};
/* End PBXFrameworksBuildPhase section */

/* Begin PBXGroup section */
		A0200171263DEACE002ED080 /* AddLocation */ = {
			isa = PBXGroup;
			children = (
				A0200172263DEB36002ED080 /* AddLocationVC.swift */,
			);
			path = AddLocation;
			sourceTree = "<group>";
		};
		A021D923264128E000CE4AE2 /* Extensions */ = {
			isa = PBXGroup;
			children = (
				A021D9242641292400CE4AE2 /* UIViewController.swift */,
				A021D92C2641304000CE4AE2 /* UIStoryboard.swift */,
				A040700B2641396C002ACA22 /* UIView.swift */,
				A04070152641509D002ACA22 /* Queue.swift */,
			);
			path = Extensions;
			sourceTree = "<group>";
		};
		A021D9312641328700CE4AE2 /* Views */ = {
			isa = PBXGroup;
			children = (
				A040702226415CA0002ACA22 /* Reusable */,
				A0A5814F263EBC4D00F36A25 /* Settings */,
				A0200171263DEACE002ED080 /* AddLocation */,
				A0641A9A263D38E300DBBBA5 /* Help */,
				A0641A99263D38D600DBBBA5 /* City */,
				A0641A8D263D388100DBBBA5 /* Home */,
			);
			path = Views;
			sourceTree = "<group>";
		};
		A0339FAD263D72C5008849B4 /* Common */ = {
			isa = PBXGroup;
			children = (
				A0339FAE263D72D3008849B4 /* BaseViewController.swift */,
				A021D9322641338600CE4AE2 /* LoadingIndicator.swift */,
			);
			path = Common;
			sourceTree = "<group>";
		};
		A040702226415CA0002ACA22 /* Reusable */ = {
			isa = PBXGroup;
			children = (
				A040701A26415C89002ACA22 /* BookmarkedCityCell.swift */,
			);
			path = Reusable;
			sourceTree = "<group>";
		};
		A0641A36263D28DB00DBBBA5 = {
			isa = PBXGroup;
			children = (
				A0641A41263D28DB00DBBBA5 /* WeatherApp */,
				A0641A5B263D28DB00DBBBA5 /* WeatherAppTests */,
				A0641A66263D28DC00DBBBA5 /* WeatherAppUITests */,
				A0641A40263D28DB00DBBBA5 /* Products */,
			);
			sourceTree = "<group>";
		};
		A0641A40263D28DB00DBBBA5 /* Products */ = {
			isa = PBXGroup;
			children = (
				A0641A3F263D28DB00DBBBA5 /* WeatherApp.app */,
				A0641A58263D28DB00DBBBA5 /* WeatherAppTests.xctest */,
				A0641A63263D28DC00DBBBA5 /* WeatherAppUITests.xctest */,
			);
			name = Products;
			sourceTree = "<group>";
		};
		A0641A41263D28DB00DBBBA5 /* WeatherApp */ = {
			isa = PBXGroup;
			children = (
				A021D9312641328700CE4AE2 /* Views */,
				A021D923264128E000CE4AE2 /* Extensions */,
				A0339FAD263D72C5008849B4 /* Common */,
				A0641A83263D374C00DBBBA5 /* Models */,
				A0641A78263D2E3500DBBBA5 /* Utilities */,
				A0641A42263D28DB00DBBBA5 /* AppDelegate.swift */,
				A0641A48263D28DB00DBBBA5 /* Main.storyboard */,
				A0641A4E263D28DB00DBBBA5 /* Assets.xcassets */,
				A0641A50263D28DB00DBBBA5 /* LaunchScreen.storyboard */,
				A0641A53263D28DB00DBBBA5 /* Info.plist */,
				A0641A4B263D28DB00DBBBA5 /* WeatherApp.xcdatamodeld */,
			);
			path = WeatherApp;
			sourceTree = "<group>";
		};
		A0641A5B263D28DB00DBBBA5 /* WeatherAppTests */ = {
			isa = PBXGroup;
			children = (
				A0641A5C263D28DC00DBBBA5 /* WeatherAppTests.swift */,
				A0641A5E263D28DC00DBBBA5 /* Info.plist */,
				A004EE79263EFBCD00BBD5AA /* LoggerTests.swift */,
				A004EE7E263EFDE400BBD5AA /* CityTests.swift */,
				A0B02011263FC1CB004588A7 /* HomeScreenTests.swift */,
				A0B02019263FDAD9004588A7 /* NetworkManagerTests.swift */,
				A0B0201E263FE0DB004588A7 /* SettingsTests.swift */,
			);
			path = WeatherAppTests;
			sourceTree = "<group>";
		};
		A0641A66263D28DC00DBBBA5 /* WeatherAppUITests */ = {
			isa = PBXGroup;
			children = (
				A0641A67263D28DC00DBBBA5 /* WeatherAppUITests.swift */,
				A0641A69263D28DC00DBBBA5 /* Info.plist */,
				A0B02023263FE897004588A7 /* SettingsVCTests.swift */,
				A0B02028263FE9DF004588A7 /* HomeScreenVCTests.swift */,
				A0B0202D263FEDA8004588A7 /* HelpScreenVCTests.swift */,
				A0B02032263FEEE9004588A7 /* CityScreenTests.swift */,
				A040703826417153002ACA22 /* AddLocationTests.swift */,
			);
			path = WeatherAppUITests;
			sourceTree = "<group>";
		};
		A0641A78263D2E3500DBBBA5 /* Utilities */ = {
			isa = PBXGroup;
			children = (
				A0641A79263D2E6C00DBBBA5 /* NetworkManager.swift */,
				A0641A7E263D2E7E00DBBBA5 /* Constants.swift */,
				A0339FA8263D6FBA008849B4 /* Logger.swift */,
				A0339FB9263D7DE2008849B4 /* DBManager.swift */,
				A0A58158263EC50E00F36A25 /* AppSettings.swift */,
			);
			path = Utilities;
			sourceTree = "<group>";
		};
		A0641A83263D374C00DBBBA5 /* Models */ = {
			isa = PBXGroup;
			children = (
				A0641A84263D375900DBBBA5 /* WeatherData.swift */,
				A0407010264143AC002ACA22 /* BookmarkedLocation.swift */,
			);
			path = Models;
			sourceTree = "<group>";
		};
		A0641A8D263D388100DBBBA5 /* Home */ = {
			isa = PBXGroup;
			children = (
				A0641A8E263D389E00DBBBA5 /* HomeScreenVC.swift */,
				A0641AA3263D3A6900DBBBA5 /* HomeScreenVM.swift */,
			);
			path = Home;
			sourceTree = "<group>";
		};
		A0641A99263D38D600DBBBA5 /* City */ = {
			isa = PBXGroup;
			children = (
				A0641A46263D28DB00DBBBA5 /* CityScreenVC.swift */,
				A0641AAB263D3F4700DBBBA5 /* CityScreenVM.swift */,
			);
			path = City;
			sourceTree = "<group>";
		};
		A0641A9A263D38E300DBBBA5 /* Help */ = {
			isa = PBXGroup;
			children = (
				A0641A9B263D38EF00DBBBA5 /* HelpScreenVC.swift */,
			);
			path = Help;
			sourceTree = "<group>";
		};
		A0A5814F263EBC4D00F36A25 /* Settings */ = {
			isa = PBXGroup;
			children = (
				A0A58150263EBC5C00F36A25 /* SettingsVC.swift */,
				A0A5815D263ECD2600F36A25 /* SettingsVM.swift */,
			);
			path = Settings;
			sourceTree = "<group>";
		};
/* End PBXGroup section */

/* Begin PBXNativeTarget section */
		A0641A3E263D28DB00DBBBA5 /* WeatherApp */ = {
			isa = PBXNativeTarget;
			buildConfigurationList = A0641A6C263D28DC00DBBBA5 /* Build configuration list for PBXNativeTarget "WeatherApp" */;
			buildPhases = (
				A0641A3B263D28DB00DBBBA5 /* Sources */,
				A0641A3C263D28DB00DBBBA5 /* Frameworks */,
				A0641A3D263D28DB00DBBBA5 /* Resources */,
			);
			buildRules = (
			);
			dependencies = (
			);
			name = WeatherApp;
			productName = WeatherApp;
			productReference = A0641A3F263D28DB00DBBBA5 /* WeatherApp.app */;
			productType = "com.apple.product-type.application";
		};
		A0641A57263D28DB00DBBBA5 /* WeatherAppTests */ = {
			isa = PBXNativeTarget;
			buildConfigurationList = A0641A6F263D28DC00DBBBA5 /* Build configuration list for PBXNativeTarget "WeatherAppTests" */;
			buildPhases = (
				A0641A54263D28DB00DBBBA5 /* Sources */,
				A0641A55263D28DB00DBBBA5 /* Frameworks */,
				A0641A56263D28DB00DBBBA5 /* Resources */,
			);
			buildRules = (
			);
			dependencies = (
				A0641A5A263D28DB00DBBBA5 /* PBXTargetDependency */,
			);
			name = WeatherAppTests;
			productName = WeatherAppTests;
			productReference = A0641A58263D28DB00DBBBA5 /* WeatherAppTests.xctest */;
			productType = "com.apple.product-type.bundle.unit-test";
		};
		A0641A62263D28DC00DBBBA5 /* WeatherAppUITests */ = {
			isa = PBXNativeTarget;
			buildConfigurationList = A0641A72263D28DC00DBBBA5 /* Build configuration list for PBXNativeTarget "WeatherAppUITests" */;
			buildPhases = (
				A0641A5F263D28DC00DBBBA5 /* Sources */,
				A0641A60263D28DC00DBBBA5 /* Frameworks */,
				A0641A61263D28DC00DBBBA5 /* Resources */,
			);
			buildRules = (
			);
			dependencies = (
				A0641A65263D28DC00DBBBA5 /* PBXTargetDependency */,
			);
			name = WeatherAppUITests;
			productName = WeatherAppUITests;
			productReference = A0641A63263D28DC00DBBBA5 /* WeatherAppUITests.xctest */;
			productType = "com.apple.product-type.bundle.ui-testing";
		};
/* End PBXNativeTarget section */

/* Begin PBXProject section */
		A0641A37263D28DB00DBBBA5 /* Project object */ = {
			isa = PBXProject;
			attributes = {
				LastSwiftUpdateCheck = 1240;
				LastUpgradeCheck = 1240;
				TargetAttributes = {
					A0641A3E263D28DB00DBBBA5 = {
						CreatedOnToolsVersion = 12.4;
					};
					A0641A57263D28DB00DBBBA5 = {
						CreatedOnToolsVersion = 12.4;
						TestTargetID = A0641A3E263D28DB00DBBBA5;
					};
					A0641A62263D28DC00DBBBA5 = {
						CreatedOnToolsVersion = 12.4;
						TestTargetID = A0641A3E263D28DB00DBBBA5;
					};
				};
			};
			buildConfigurationList = A0641A3A263D28DB00DBBBA5 /* Build configuration list for PBXProject "WeatherApp" */;
			compatibilityVersion = "Xcode 9.3";
			developmentRegion = en;
			hasScannedForEncodings = 0;
			knownRegions = (
				en,
				Base,
			);
			mainGroup = A0641A36263D28DB00DBBBA5;
			productRefGroup = A0641A40263D28DB00DBBBA5 /* Products */;
			projectDirPath = "";
			projectRoot = "";
			targets = (
				A0641A3E263D28DB00DBBBA5 /* WeatherApp */,
				A0641A57263D28DB00DBBBA5 /* WeatherAppTests */,
				A0641A62263D28DC00DBBBA5 /* WeatherAppUITests */,
			);
		};
/* End PBXProject section */

/* Begin PBXResourcesBuildPhase section */
		A0641A3D263D28DB00DBBBA5 /* Resources */ = {
			isa = PBXResourcesBuildPhase;
			buildActionMask = 2147483647;
			files = (
				A0641A52263D28DB00DBBBA5 /* LaunchScreen.storyboard in Resources */,
				A0641A4F263D28DB00DBBBA5 /* Assets.xcassets in Resources */,
				A0641A4A263D28DB00DBBBA5 /* Main.storyboard in Resources */,
			);
			runOnlyForDeploymentPostprocessing = 0;
		};
		A0641A56263D28DB00DBBBA5 /* Resources */ = {
			isa = PBXResourcesBuildPhase;
			buildActionMask = 2147483647;
			files = (
			);
			runOnlyForDeploymentPostprocessing = 0;
		};
		A0641A61263D28DC00DBBBA5 /* Resources */ = {
			isa = PBXResourcesBuildPhase;
			buildActionMask = 2147483647;
			files = (
			);
			runOnlyForDeploymentPostprocessing = 0;
		};
/* End PBXResourcesBuildPhase section */

/* Begin PBXSourcesBuildPhase section */
		A0641A3B263D28DB00DBBBA5 /* Sources */ = {
			isa = PBXSourcesBuildPhase;
			buildActionMask = 2147483647;
			files = (
				A021D92D2641304000CE4AE2 /* UIStoryboard.swift in Sources */,
				A0641A4D263D28DB00DBBBA5 /* WeatherApp.xcdatamodeld in Sources */,
				A0641A47263D28DB00DBBBA5 /* CityScreenVC.swift in Sources */,
				A021D9252641292400CE4AE2 /* UIViewController.swift in Sources */,
				A0641A85263D375900DBBBA5 /* WeatherData.swift in Sources */,
				A0200173263DEB36002ED080 /* AddLocationVC.swift in Sources */,
				A0641A7A263D2E6C00DBBBA5 /* NetworkManager.swift in Sources */,
				A0407011264143AC002ACA22 /* BookmarkedLocation.swift in Sources */,
				A0A58151263EBC5C00F36A25 /* SettingsVC.swift in Sources */,
				A0641A43263D28DB00DBBBA5 /* AppDelegate.swift in Sources */,
				A0641A9C263D38EF00DBBBA5 /* HelpScreenVC.swift in Sources */,
				A040700C2641396C002ACA22 /* UIView.swift in Sources */,
				A0339FAF263D72D3008849B4 /* BaseViewController.swift in Sources */,
				A040701B26415C89002ACA22 /* BookmarkedCityCell.swift in Sources */,
				A0339FA9263D6FBA008849B4 /* Logger.swift in Sources */,
				A021D9332641338600CE4AE2 /* LoadingIndicator.swift in Sources */,
				A0641AA4263D3A6900DBBBA5 /* HomeScreenVM.swift in Sources */,
				A0641AAC263D3F4700DBBBA5 /* CityScreenVM.swift in Sources */,
				A0641A7F263D2E7E00DBBBA5 /* Constants.swift in Sources */,
				A0641A8F263D389E00DBBBA5 /* HomeScreenVC.swift in Sources */,
				A0339FBA263D7DE2008849B4 /* DBManager.swift in Sources */,
				A0A58159263EC50E00F36A25 /* AppSettings.swift in Sources */,
				A0A5815E263ECD2600F36A25 /* SettingsVM.swift in Sources */,
				A04070162641509D002ACA22 /* Queue.swift in Sources */,
			);
			runOnlyForDeploymentPostprocessing = 0;
		};
		A0641A54263D28DB00DBBBA5 /* Sources */ = {
			isa = PBXSourcesBuildPhase;
			buildActionMask = 2147483647;
			files = (
				A0B0201F263FE0DB004588A7 /* SettingsTests.swift in Sources */,
				A0B0201A263FDAD9004588A7 /* NetworkManagerTests.swift in Sources */,
				A0B02012263FC1CB004588A7 /* HomeScreenTests.swift in Sources */,
				A0641A5D263D28DC00DBBBA5 /* WeatherAppTests.swift in Sources */,
				A004EE7F263EFDE400BBD5AA /* CityTests.swift in Sources */,
				A004EE7A263EFBCD00BBD5AA /* LoggerTests.swift in Sources */,
			);
			runOnlyForDeploymentPostprocessing = 0;
		};
		A0641A5F263D28DC00DBBBA5 /* Sources */ = {
			isa = PBXSourcesBuildPhase;
			buildActionMask = 2147483647;
			files = (
				A040703926417153002ACA22 /* AddLocationTests.swift in Sources */,
				A0641A68263D28DC00DBBBA5 /* WeatherAppUITests.swift in Sources */,
				A0B02029263FE9DF004588A7 /* HomeScreenVCTests.swift in Sources */,
				A0B02024263FE897004588A7 /* SettingsVCTests.swift in Sources */,
				A0B0202E263FEDA8004588A7 /* HelpScreenVCTests.swift in Sources */,
				A0B02033263FEEE9004588A7 /* CityScreenTests.swift in Sources */,
			);
			runOnlyForDeploymentPostprocessing = 0;
		};
/* End PBXSourcesBuildPhase section */

/* Begin PBXTargetDependency section */
		A0641A5A263D28DB00DBBBA5 /* PBXTargetDependency */ = {
			isa = PBXTargetDependency;
			target = A0641A3E263D28DB00DBBBA5 /* WeatherApp */;
			targetProxy = A0641A59263D28DB00DBBBA5 /* PBXContainerItemProxy */;
		};
		A0641A65263D28DC00DBBBA5 /* PBXTargetDependency */ = {
			isa = PBXTargetDependency;
			target = A0641A3E263D28DB00DBBBA5 /* WeatherApp */;
			targetProxy = A0641A64263D28DC00DBBBA5 /* PBXContainerItemProxy */;
		};
/* End PBXTargetDependency section */

/* Begin PBXVariantGroup section */
		A0641A48263D28DB00DBBBA5 /* Main.storyboard */ = {
			isa = PBXVariantGroup;
			children = (
				A0641A49263D28DB00DBBBA5 /* Base */,
			);
			name = Main.storyboard;
			sourceTree = "<group>";
		};
		A0641A50263D28DB00DBBBA5 /* LaunchScreen.storyboard */ = {
			isa = PBXVariantGroup;
			children = (
				A0641A51263D28DB00DBBBA5 /* Base */,
			);
			name = LaunchScreen.storyboard;
			sourceTree = "<group>";
		};
/* End PBXVariantGroup section */

/* Begin XCBuildConfiguration section */
		A0641A6A263D28DC00DBBBA5 /* Debug */ = {
			isa = XCBuildConfiguration;
			buildSettings = {
				ALWAYS_SEARCH_USER_PATHS = NO;
				CLANG_ANALYZER_NONNULL = YES;
				CLANG_ANALYZER_NUMBER_OBJECT_CONVERSION = YES_AGGRESSIVE;
				CLANG_CXX_LANGUAGE_STANDARD = "gnu++14";
				CLANG_CXX_LIBRARY = "libc++";
				CLANG_ENABLE_MODULES = YES;
				CLANG_ENABLE_OBJC_ARC = YES;
				CLANG_ENABLE_OBJC_WEAK = YES;
				CLANG_WARN_BLOCK_CAPTURE_AUTORELEASING = YES;
				CLANG_WARN_BOOL_CONVERSION = YES;
				CLANG_WARN_COMMA = YES;
				CLANG_WARN_CONSTANT_CONVERSION = YES;
				CLANG_WARN_DEPRECATED_OBJC_IMPLEMENTATIONS = YES;
				CLANG_WARN_DIRECT_OBJC_ISA_USAGE = YES_ERROR;
				CLANG_WARN_DOCUMENTATION_COMMENTS = YES;
				CLANG_WARN_EMPTY_BODY = YES;
				CLANG_WARN_ENUM_CONVERSION = YES;
				CLANG_WARN_INFINITE_RECURSION = YES;
				CLANG_WARN_INT_CONVERSION = YES;
				CLANG_WARN_NON_LITERAL_NULL_CONVERSION = YES;
				CLANG_WARN_OBJC_IMPLICIT_RETAIN_SELF = YES;
				CLANG_WARN_OBJC_LITERAL_CONVERSION = YES;
				CLANG_WARN_OBJC_ROOT_CLASS = YES_ERROR;
				CLANG_WARN_QUOTED_INCLUDE_IN_FRAMEWORK_HEADER = YES;
				CLANG_WARN_RANGE_LOOP_ANALYSIS = YES;
				CLANG_WARN_STRICT_PROTOTYPES = YES;
				CLANG_WARN_SUSPICIOUS_MOVE = YES;
				CLANG_WARN_UNGUARDED_AVAILABILITY = YES_AGGRESSIVE;
				CLANG_WARN_UNREACHABLE_CODE = YES;
				CLANG_WARN__DUPLICATE_METHOD_MATCH = YES;
				COPY_PHASE_STRIP = NO;
				DEBUG_INFORMATION_FORMAT = dwarf;
				ENABLE_STRICT_OBJC_MSGSEND = YES;
				ENABLE_TESTABILITY = YES;
				GCC_C_LANGUAGE_STANDARD = gnu11;
				GCC_DYNAMIC_NO_PIC = NO;
				GCC_NO_COMMON_BLOCKS = YES;
				GCC_OPTIMIZATION_LEVEL = 0;
				GCC_PREPROCESSOR_DEFINITIONS = (
					"DEBUG=1",
					"$(inherited)",
				);
				GCC_WARN_64_TO_32_BIT_CONVERSION = YES;
				GCC_WARN_ABOUT_RETURN_TYPE = YES_ERROR;
				GCC_WARN_UNDECLARED_SELECTOR = YES;
				GCC_WARN_UNINITIALIZED_AUTOS = YES_AGGRESSIVE;
				GCC_WARN_UNUSED_FUNCTION = YES;
				GCC_WARN_UNUSED_VARIABLE = YES;
				IPHONEOS_DEPLOYMENT_TARGET = 14.4;
				MTL_ENABLE_DEBUG_INFO = INCLUDE_SOURCE;
				MTL_FAST_MATH = YES;
				ONLY_ACTIVE_ARCH = YES;
				SDKROOT = iphoneos;
				SWIFT_ACTIVE_COMPILATION_CONDITIONS = DEBUG;
				SWIFT_OPTIMIZATION_LEVEL = "-Onone";
			};
			name = Debug;
		};
		A0641A6B263D28DC00DBBBA5 /* Release */ = {
			isa = XCBuildConfiguration;
			buildSettings = {
				ALWAYS_SEARCH_USER_PATHS = NO;
				CLANG_ANALYZER_NONNULL = YES;
				CLANG_ANALYZER_NUMBER_OBJECT_CONVERSION = YES_AGGRESSIVE;
				CLANG_CXX_LANGUAGE_STANDARD = "gnu++14";
				CLANG_CXX_LIBRARY = "libc++";
				CLANG_ENABLE_MODULES = YES;
				CLANG_ENABLE_OBJC_ARC = YES;
				CLANG_ENABLE_OBJC_WEAK = YES;
				CLANG_WARN_BLOCK_CAPTURE_AUTORELEASING = YES;
				CLANG_WARN_BOOL_CONVERSION = YES;
				CLANG_WARN_COMMA = YES;
				CLANG_WARN_CONSTANT_CONVERSION = YES;
				CLANG_WARN_DEPRECATED_OBJC_IMPLEMENTATIONS = YES;
				CLANG_WARN_DIRECT_OBJC_ISA_USAGE = YES_ERROR;
				CLANG_WARN_DOCUMENTATION_COMMENTS = YES;
				CLANG_WARN_EMPTY_BODY = YES;
				CLANG_WARN_ENUM_CONVERSION = YES;
				CLANG_WARN_INFINITE_RECURSION = YES;
				CLANG_WARN_INT_CONVERSION = YES;
				CLANG_WARN_NON_LITERAL_NULL_CONVERSION = YES;
				CLANG_WARN_OBJC_IMPLICIT_RETAIN_SELF = YES;
				CLANG_WARN_OBJC_LITERAL_CONVERSION = YES;
				CLANG_WARN_OBJC_ROOT_CLASS = YES_ERROR;
				CLANG_WARN_QUOTED_INCLUDE_IN_FRAMEWORK_HEADER = YES;
				CLANG_WARN_RANGE_LOOP_ANALYSIS = YES;
				CLANG_WARN_STRICT_PROTOTYPES = YES;
				CLANG_WARN_SUSPICIOUS_MOVE = YES;
				CLANG_WARN_UNGUARDED_AVAILABILITY = YES_AGGRESSIVE;
				CLANG_WARN_UNREACHABLE_CODE = YES;
				CLANG_WARN__DUPLICATE_METHOD_MATCH = YES;
				COPY_PHASE_STRIP = NO;
				DEBUG_INFORMATION_FORMAT = "dwarf-with-dsym";
				ENABLE_NS_ASSERTIONS = NO;
				ENABLE_STRICT_OBJC_MSGSEND = YES;
				GCC_C_LANGUAGE_STANDARD = gnu11;
				GCC_NO_COMMON_BLOCKS = YES;
				GCC_WARN_64_TO_32_BIT_CONVERSION = YES;
				GCC_WARN_ABOUT_RETURN_TYPE = YES_ERROR;
				GCC_WARN_UNDECLARED_SELECTOR = YES;
				GCC_WARN_UNINITIALIZED_AUTOS = YES_AGGRESSIVE;
				GCC_WARN_UNUSED_FUNCTION = YES;
				GCC_WARN_UNUSED_VARIABLE = YES;
				IPHONEOS_DEPLOYMENT_TARGET = 14.4;
				MTL_ENABLE_DEBUG_INFO = NO;
				MTL_FAST_MATH = YES;
				SDKROOT = iphoneos;
				SWIFT_COMPILATION_MODE = wholemodule;
				SWIFT_OPTIMIZATION_LEVEL = "-O";
				VALIDATE_PRODUCT = YES;
			};
			name = Release;
		};
		A0641A6D263D28DC00DBBBA5 /* Debug */ = {
			isa = XCBuildConfiguration;
			buildSettings = {
				ASSETCATALOG_COMPILER_APPICON_NAME = AppIcon;
				ASSETCATALOG_COMPILER_GLOBAL_ACCENT_COLOR_NAME = AccentColor;
				CODE_SIGN_STYLE = Automatic;
				DEVELOPMENT_TEAM = 9W5FFKY42D;
				INFOPLIST_FILE = WeatherApp/Info.plist;
				LD_RUNPATH_SEARCH_PATHS = (
					"$(inherited)",
					"@executable_path/Frameworks",
				);
				PRODUCT_BUNDLE_IDENTIFIER = com.sravan.WeatherApp;
				PRODUCT_NAME = "$(TARGET_NAME)";
				SWIFT_VERSION = 5.0;
				TARGETED_DEVICE_FAMILY = "1,2";
			};
			name = Debug;
		};
		A0641A6E263D28DC00DBBBA5 /* Release */ = {
			isa = XCBuildConfiguration;
			buildSettings = {
				ASSETCATALOG_COMPILER_APPICON_NAME = AppIcon;
				ASSETCATALOG_COMPILER_GLOBAL_ACCENT_COLOR_NAME = AccentColor;
				CODE_SIGN_STYLE = Automatic;
				DEVELOPMENT_TEAM = 9W5FFKY42D;
				INFOPLIST_FILE = WeatherApp/Info.plist;
				LD_RUNPATH_SEARCH_PATHS = (
					"$(inherited)",
					"@executable_path/Frameworks",
				);
				PRODUCT_BUNDLE_IDENTIFIER = com.sravan.WeatherApp;
				PRODUCT_NAME = "$(TARGET_NAME)";
				SWIFT_VERSION = 5.0;
				TARGETED_DEVICE_FAMILY = "1,2";
			};
			name = Release;
		};
		A0641A70263D28DC00DBBBA5 /* Debug */ = {
			isa = XCBuildConfiguration;
			buildSettings = {
				ALWAYS_EMBED_SWIFT_STANDARD_LIBRARIES = YES;
				BUNDLE_LOADER = "$(TEST_HOST)";
				CODE_SIGN_STYLE = Automatic;
				DEVELOPMENT_TEAM = 9W5FFKY42D;
				INFOPLIST_FILE = WeatherAppTests/Info.plist;
				IPHONEOS_DEPLOYMENT_TARGET = 14.4;
				LD_RUNPATH_SEARCH_PATHS = (
					"$(inherited)",
					"@executable_path/Frameworks",
					"@loader_path/Frameworks",
				);
				PRODUCT_BUNDLE_IDENTIFIER = com.sravan.WeatherAppTests;
				PRODUCT_NAME = "$(TARGET_NAME)";
				SWIFT_VERSION = 5.0;
				TARGETED_DEVICE_FAMILY = "1,2";
				TEST_HOST = "$(BUILT_PRODUCTS_DIR)/WeatherApp.app/WeatherApp";
			};
			name = Debug;
		};
		A0641A71263D28DC00DBBBA5 /* Release */ = {
			isa = XCBuildConfiguration;
			buildSettings = {
				ALWAYS_EMBED_SWIFT_STANDARD_LIBRARIES = YES;
				BUNDLE_LOADER = "$(TEST_HOST)";
				CODE_SIGN_STYLE = Automatic;
				DEVELOPMENT_TEAM = 9W5FFKY42D;
				INFOPLIST_FILE = WeatherAppTests/Info.plist;
				IPHONEOS_DEPLOYMENT_TARGET = 14.4;
				LD_RUNPATH_SEARCH_PATHS = (
					"$(inherited)",
					"@executable_path/Frameworks",
					"@loader_path/Frameworks",
				);
				PRODUCT_BUNDLE_IDENTIFIER = com.sravan.WeatherAppTests;
				PRODUCT_NAME = "$(TARGET_NAME)";
				SWIFT_VERSION = 5.0;
				TARGETED_DEVICE_FAMILY = "1,2";
				TEST_HOST = "$(BUILT_PRODUCTS_DIR)/WeatherApp.app/WeatherApp";
			};
			name = Release;
		};
		A0641A73263D28DC00DBBBA5 /* Debug */ = {
			isa = XCBuildConfiguration;
			buildSettings = {
				ALWAYS_EMBED_SWIFT_STANDARD_LIBRARIES = YES;
				CODE_SIGN_STYLE = Automatic;
				DEVELOPMENT_TEAM = 9W5FFKY42D;
				INFOPLIST_FILE = WeatherAppUITests/Info.plist;
				LD_RUNPATH_SEARCH_PATHS = (
					"$(inherited)",
					"@executable_path/Frameworks",
					"@loader_path/Frameworks",
				);
				PRODUCT_BUNDLE_IDENTIFIER = com.sravan.WeatherAppUITests;
				PRODUCT_NAME = "$(TARGET_NAME)";
				SWIFT_VERSION = 5.0;
				TARGETED_DEVICE_FAMILY = "1,2";
				TEST_TARGET_NAME = WeatherApp;
			};
			name = Debug;
		};
		A0641A74263D28DC00DBBBA5 /* Release */ = {
			isa = XCBuildConfiguration;
			buildSettings = {
				ALWAYS_EMBED_SWIFT_STANDARD_LIBRARIES = YES;
				CODE_SIGN_STYLE = Automatic;
				DEVELOPMENT_TEAM = 9W5FFKY42D;
				INFOPLIST_FILE = WeatherAppUITests/Info.plist;
				LD_RUNPATH_SEARCH_PATHS = (
					"$(inherited)",
					"@executable_path/Frameworks",
					"@loader_path/Frameworks",
				);
				PRODUCT_BUNDLE_IDENTIFIER = com.sravan.WeatherAppUITests;
				PRODUCT_NAME = "$(TARGET_NAME)";
				SWIFT_VERSION = 5.0;
				TARGETED_DEVICE_FAMILY = "1,2";
				TEST_TARGET_NAME = WeatherApp;
			};
			name = Release;
		};
/* End XCBuildConfiguration section */

/* Begin XCConfigurationList section */
		A0641A3A263D28DB00DBBBA5 /* Build configuration list for PBXProject "WeatherApp" */ = {
			isa = XCConfigurationList;
			buildConfigurations = (
				A0641A6A263D28DC00DBBBA5 /* Debug */,
				A0641A6B263D28DC00DBBBA5 /* Release */,
			);
			defaultConfigurationIsVisible = 0;
			defaultConfigurationName = Release;
		};
		A0641A6C263D28DC00DBBBA5 /* Build configuration list for PBXNativeTarget "WeatherApp" */ = {
			isa = XCConfigurationList;
			buildConfigurations = (
				A0641A6D263D28DC00DBBBA5 /* Debug */,
				A0641A6E263D28DC00DBBBA5 /* Release */,
			);
			defaultConfigurationIsVisible = 0;
			defaultConfigurationName = Release;
		};
		A0641A6F263D28DC00DBBBA5 /* Build configuration list for PBXNativeTarget "WeatherAppTests" */ = {
			isa = XCConfigurationList;
			buildConfigurations = (
				A0641A70263D28DC00DBBBA5 /* Debug */,
				A0641A71263D28DC00DBBBA5 /* Release */,
			);
			defaultConfigurationIsVisible = 0;
			defaultConfigurationName = Release;
		};
		A0641A72263D28DC00DBBBA5 /* Build configuration list for PBXNativeTarget "WeatherAppUITests" */ = {
			isa = XCConfigurationList;
			buildConfigurations = (
				A0641A73263D28DC00DBBBA5 /* Debug */,
				A0641A74263D28DC00DBBBA5 /* Release */,
			);
			defaultConfigurationIsVisible = 0;
			defaultConfigurationName = Release;
		};
/* End XCConfigurationList section */

/* Begin XCVersionGroup section */
		A0641A4B263D28DB00DBBBA5 /* WeatherApp.xcdatamodeld */ = {
			isa = XCVersionGroup;
			children = (
				A0641A4C263D28DB00DBBBA5 /* WeatherApp.xcdatamodel */,
			);
			currentVersion = A0641A4C263D28DB00DBBBA5 /* WeatherApp.xcdatamodel */;
			path = WeatherApp.xcdatamodeld;
			sourceTree = "<group>";
			versionGroupType = wrapper.xcdatamodel;
		};
/* End XCVersionGroup section */
	};
	rootObject = A0641A37263D28DB00DBBBA5 /* Project object */;
}
